<?xml version="1.0" encoding="utf-8"?>
<Project ToolsVersion="4.0" xmlns="http://schemas.microsoft.com/developer/msbuild/2003">
  <ItemGroup>
    <Filter Include="Source Files">
      <UniqueIdentifier>{4FC737F1-C7A5-4376-A066-2A32D752A2FF}</UniqueIdentifier>
      <Extensions>cpp;c;cc;cxx;def;odl;idl;hpj;bat;asm;asmx</Extensions>
    </Filter>
    <Filter Include="Math">
      <UniqueIdentifier>{d1a7f523-4e89-4a56-8019-ad5362d44b1e}</UniqueIdentifier>
    </Filter>
    <Filter Include="Graphics">
      <UniqueIdentifier>{b14aaa12-c943-464d-860b-811504d62b93}</UniqueIdentifier>
    </Filter>
    <Filter Include="Objects">
      <UniqueIdentifier>{0c8923ac-61b3-4b1f-afec-c655fd48c086}</UniqueIdentifier>
    </Filter>
    <Filter Include="Components">
      <UniqueIdentifier>{4f98e837-9735-415c-8caf-65051c87f2d0}</UniqueIdentifier>
    </Filter>
    <Filter Include="Physics">
      <UniqueIdentifier>{e27dcde8-6eb5-48c1-8c1d-174cae646005}</UniqueIdentifier>
    </Filter>
    <Filter Include="Event">
      <UniqueIdentifier>{d3def286-5220-4321-9102-c06940637512}</UniqueIdentifier>
    </Filter>
    <Filter Include="Framework">
      <UniqueIdentifier>{7de34c6c-103a-4901-bea8-73eb69d92506}</UniqueIdentifier>
    </Filter>
  </ItemGroup>
  <ItemGroup>
    <ClInclude Include="TextureManager.h">
      <Filter>Graphics</Filter>
    </ClInclude>
    <ClInclude Include="Renderer.h">
      <Filter>Graphics</Filter>
    </ClInclude>
    <ClInclude Include="ID.h">
      <Filter>Objects</Filter>
    </ClInclude>
    <ClInclude Include="Object.h">
      <Filter>Objects</Filter>
    </ClInclude>
    <ClInclude Include="Entity.h">
      <Filter>Objects</Filter>
    </ClInclude>
    <ClInclude Include="Component.h">
      <Filter>Components</Filter>
    </ClInclude>
    <ClInclude Include="RenderComponent.h">
      <Filter>Components</Filter>
    </ClInclude>
    <ClInclude Include="SpriteComponent.h">
      <Filter>Components</Filter>
    </ClInclude>
    <ClInclude Include="Texture.h">
      <Filter>Graphics</Filter>
    </ClInclude>
    <ClInclude Include="ControllerComponent.h">
      <Filter>Components</Filter>
    </ClInclude>
    <ClInclude Include="Scene.h">
      <Filter>Objects</Filter>
    </ClInclude>
    <ClInclude Include="Color.h">
      <Filter>Graphics</Filter>
    </ClInclude>
    <ClInclude Include="Matrix22.h">
      <Filter>Math</Filter>
    </ClInclude>
    <ClInclude Include="Matrix33.h">
      <Filter>Math</Filter>
    </ClInclude>
    <ClInclude Include="Vector2D.h">
      <Filter>Math</Filter>
    </ClInclude>
    <ClInclude Include="Vector3D.h">
      <Filter>Math</Filter>
    </ClInclude>
    <ClInclude Include="_Math.h">
      <Filter>Math</Filter>
    </ClInclude>
    <ClInclude Include="PhysicsComponent.h">
      <Filter>Components</Filter>
    </ClInclude>
    <ClInclude Include="KinematicComponent.h">
      <Filter>Components</Filter>
    </ClInclude>
    <ClInclude Include="Transform.h">
      <Filter>Math</Filter>
    </ClInclude>
    <ClInclude Include="CollisionComponent.h">
      <Filter>Components</Filter>
    </ClInclude>
    <ClInclude Include="Physics.h">
      <Filter>Physics</Filter>
    </ClInclude>
    <ClInclude Include="Aabb.h">
      <Filter>Physics</Filter>
    </ClInclude>
    <ClInclude Include="AabbComponent.h">
      <Filter>Components</Filter>
    </ClInclude>
    <ClInclude Include="Event.h">
      <Filter>Event</Filter>
    </ClInclude>
    <ClInclude Include="EventManager.h">
      <Filter>Event</Filter>
    </ClInclude>
    <ClInclude Include="TextComponent.h">
      <Filter>Components</Filter>
    </ClInclude>
    <ClInclude Include="EventReciever.h">
      <Filter>Event</Filter>
    </ClInclude>
    <ClInclude Include="AnimationComponent.h">
      <Filter>Components</Filter>
    </ClInclude>
    <ClInclude Include="Singleton.h">
      <Filter>Framework</Filter>
    </ClInclude>
    <ClInclude Include="State.h">
      <Filter>Framework</Filter>
    </ClInclude>
    <ClInclude Include="StateMachine.h">
      <Filter>Framework</Filter>
    </ClInclude>
    <ClInclude Include="Variant.h">
      <Filter>Framework</Filter>
    </ClInclude>
    <ClInclude Include="Waypoint.h">
      <Filter>Objects</Filter>
    </ClInclude>
    <ClInclude Include="DebugDraw.h">
      <Filter>Graphics</Filter>
    </ClInclude>
    <ClInclude Include="WaypointControllerComponent.h">
      <Filter>Components</Filter>
    </ClInclude>
    <ClInclude Include="TransformControllerComponent.h">
      <Filter>Components</Filter>
    </ClInclude>
    <ClInclude Include="AudioSystem.h">
      <Filter>Source Files</Filter>
    </ClInclude>
    <ClInclude Include="Engine.h">
      <Filter>Source Files</Filter>
    </ClInclude>
    <ClInclude Include="FileSystem.h">
      <Filter>Source Files</Filter>
    </ClInclude>
    <ClInclude Include="InputManager.h">
      <Filter>Source Files</Filter>
    </ClInclude>
    <ClInclude Include="Text.h">
      <Filter>Source Files</Filter>
    </ClInclude>
    <ClInclude Include="TextManager.h">
      <Filter>Source Files</Filter>
    </ClInclude>
    <ClInclude Include="Timer.h">
      <Filter>Source Files</Filter>
    </ClInclude>
  </ItemGroup>
  <ItemGroup>
    <ClCompile Include="Engine.cpp">
      <Filter>Source Files</Filter>
    </ClCompile>
    <ClCompile Include="InputManager.cpp">
      <Filter>Source Files</Filter>
    </ClCompile>
    <ClCompile Include="AudioSystem.cpp">
      <Filter>Source Files</Filter>
    </ClCompile>
    <ClCompile Include="TextureManager.cpp">
      <Filter>Graphics</Filter>
    </ClCompile>
    <ClCompile Include="Renderer.cpp">
      <Filter>Graphics</Filter>
    </ClCompile>
    <ClCompile Include="Timer.cpp">
      <Filter>Source Files</Filter>
    </ClCompile>
    <ClCompile Include="Text.cpp">
      <Filter>Source Files</Filter>
    </ClCompile>
    <ClCompile Include="TextManager.cpp">
      <Filter>Source Files</Filter>
    </ClCompile>
    <ClCompile Include="ID.cpp">
      <Filter>Objects</Filter>
    </ClCompile>
    <ClCompile Include="Object.cpp">
      <Filter>Objects</Filter>
    </ClCompile>
    <ClCompile Include="Entity.cpp">
      <Filter>Objects</Filter>
    </ClCompile>
    <ClCompile Include="Component.cpp">
      <Filter>Components</Filter>
    </ClCompile>
    <ClCompile Include="SpriteComponent.cpp">
      <Filter>Components</Filter>
    </ClCompile>
    <ClCompile Include="Texture.cpp">
      <Filter>Graphics</Filter>
    </ClCompile>
    <ClCompile Include="Scene.cpp">
      <Filter>Objects</Filter>
    </ClCompile>
    <ClCompile Include="Color.cpp">
      <Filter>Graphics</Filter>
    </ClCompile>
    <ClCompile Include="Matrix22.cpp">
      <Filter>Math</Filter>
    </ClCompile>
    <ClCompile Include="Matrix33.cpp">
      <Filter>Math</Filter>
    </ClCompile>
    <ClCompile Include="Vector2D.cpp">
      <Filter>Math</Filter>
    </ClCompile>
    <ClCompile Include="Vector3D.cpp">
      <Filter>Math</Filter>
    </ClCompile>
    <ClCompile Include="_Math.cpp">
      <Filter>Math</Filter>
    </ClCompile>
    <ClCompile Include="ControllerComponent.cpp">
      <Filter>Components</Filter>
    </ClCompile>
    <ClCompile Include="KinematicComponent.cpp">
      <Filter>Components</Filter>
    </ClCompile>
    <ClCompile Include="Transform.cpp">
      <Filter>Math</Filter>
    </ClCompile>
    <ClCompile Include="FileSystem.cpp">
      <Filter>Source Files</Filter>
    </ClCompile>
    <ClCompile Include="Physics.cpp">
      <Filter>Physics</Filter>
    </ClCompile>
    <ClCompile Include="Aabb.cpp">
      <Filter>Physics</Filter>
    </ClCompile>
    <ClCompile Include="AabbComponent.cpp">
      <Filter>Components</Filter>
    </ClCompile>
    <ClCompile Include="EventManager.cpp">
      <Filter>Event</Filter>
    </ClCompile>
    <ClCompile Include="TextComponent.cpp">
      <Filter>Components</Filter>
    </ClCompile>
    <ClCompile Include="AnimationComponent.cpp">
      <Filter>Components</Filter>
    </ClCompile>
    <ClCompile Include="State.cpp">
      <Filter>Framework</Filter>
    </ClCompile>
    <ClCompile Include="StateMachine.cpp">
      <Filter>Framework</Filter>
    </ClCompile>
    <ClCompile Include="Waypoint.cpp">
      <Filter>Objects</Filter>
    </ClCompile>
    <ClCompile Include="DebugDraw.cpp">
      <Filter>Graphics</Filter>
    </ClCompile>
    <ClCompile Include="WaypointControllerComponent.cpp">
      <Filter>Components</Filter>
    </ClCompile>
    <ClCompile Include="TransformControllerComponent.cpp">
      <Filter>Components</Filter>
    </ClCompile>
  </ItemGroup>
</Project>